
Microsoft Visual Studio Solution File, Format Version 12.00
# Visual Studio 2012
Project("{FAE04EC0-301F-11D3-BF4B-00C04F79EFBC}") = "ExeLauncher", "ExeLauncher\ExeLauncher.csproj", "{70751F0C-71C5-41E4-A101-81F527A85045}"
EndProject
Global
	GlobalSection(SolutionConfigurationPlatforms) = preSolution
		Debug|Any CPU = Debug|Any CPU
		Release|Any CPU = Release|Any CPU
	EndGlobalSection
	GlobalSection(ProjectConfigurationPlatforms) = postSolution
		{70751F0C-71C5-41E4-A101-81F527A85045}.Debug|Any CPU.ActiveCfg = Debug|Any CPU
		{70751F0C-71C5-41E4-A101-81F527A85045}.Debug|Any CPU.Build.0 = Debug|Any CPU
		{70751F0C-71C5-41E4-A101-81F527A85045}.Release|Any CPU.ActiveCfg = Release|Any CPU
		{70751F0C-71C5-41E4-A101-81F527A85045}.Release|Any CPU.Build.0 = Release|Any CPU
	EndGlobalSection
	GlobalSection(SolutionProperties) = preSolution
		HideSolutionNode = FALSE
	EndGlobalSection
EndGlobal
